// !$*UTF8*$!
{
	archiveVersion = 1;
	classes = {
	};
	objectVersion = 46;
	objects = {

/* Begin PBXBuildFile section */
		390179EE1CA19FF100224256 /* main.m in Sources */ = {isa = PBXBuildFile; fileRef = 390179ED1CA19FF100224256 /* main.m */; };
		390179F11CA19FF100224256 /* AppDelegate.m in Sources */ = {isa = PBXBuildFile; fileRef = 390179F01CA19FF100224256 /* AppDelegate.m */; };
		390179F41CA19FF100224256 /* MasterViewController.m in Sources */ = {isa = PBXBuildFile; fileRef = 390179F31CA19FF100224256 /* MasterViewController.m */; };
		390179F71CA19FF100224256 /* DetailViewController.m in Sources */ = {isa = PBXBuildFile; fileRef = 390179F61CA19FF100224256 /* DetailViewController.m */; };
		390179FA1CA19FF100224256 /* Main.storyboard in Resources */ = {isa = PBXBuildFile; fileRef = 390179F81CA19FF100224256 /* Main.storyboard */; };
		390179FC1CA19FF200224256 /* Assets.xcassets in Resources */ = {isa = PBXBuildFile; fileRef = 390179FB1CA19FF200224256 /* Assets.xcassets */; };
		390179FF1CA19FF200224256 /* LaunchScreen.storyboard in Resources */ = {isa = PBXBuildFile; fileRef = 390179FD1CA19FF200224256 /* LaunchScreen.storyboard */; };
/* End PBXBuildFile section */

/* Begin PBXFileReference section */
		390179E91CA19FF100224256 /* everydo.app */ = {isa = PBXFileReference; explicitFileType = wrapper.application; includeInIndex = 0; path = everydo.app; sourceTree = BUILT_PRODUCTS_DIR; };
		390179ED1CA19FF100224256 /* main.m */ = {isa = PBXFileReference; lastKnownFileType = sourcecode.c.objc; path = main.m; sourceTree = "<group>"; };
		390179EF1CA19FF100224256 /* AppDelegate.h */ = {isa = PBXFileReference; lastKnownFileType = sourcecode.c.h; path = AppDelegate.h; sourceTree = "<group>"; };
		390179F01CA19FF100224256 /* AppDelegate.m */ = {isa = PBXFileReference; lastKnownFileType = sourcecode.c.objc; path = AppDelegate.m; sourceTree = "<group>"; };
		390179F21CA19FF100224256 /* MasterViewController.h */ = {isa = PBXFileReference; lastKnownFileType = sourcecode.c.h; path = MasterViewController.h; sourceTree = "<group>"; };
		390179F31CA19FF100224256 /* MasterViewController.m */ = {isa = PBXFileReference; lastKnownFileType = sourcecode.c.objc; path = MasterViewController.m; sourceTree = "<group>"; };
		390179F51CA19FF100224256 /* DetailViewController.h */ = {isa = PBXFileReference; lastKnownFileType = sourcecode.c.h; path = DetailViewController.h; sourceTree = "<group>"; };
		390179F61CA19FF100224256 /* DetailViewController.m */ = {isa = PBXFileReference; lastKnownFileType = sourcecode.c.objc; path = DetailViewController.m; sourceTree = "<group>"; };
		390179F91CA19FF100224256 /* Base */ = {isa = PBXFileReference; lastKnownFileType = file.storyboard; name = Base; path = Base.lproj/Main.storyboard; sourceTree = "<group>"; };
		390179FB1CA19FF200224256 /* Assets.xcassets */ = {isa = PBXFileReference; lastKnownFileType = folder.assetcatalog; path = Assets.xcassets; sourceTree = "<group>"; };
		390179FE1CA19FF200224256 /* Base */ = {isa = PBXFileReference; lastKnownFileType = file.storyboard; name = Base; path = Base.lproj/LaunchScreen.storyboard; sourceTree = "<group>"; };
		39017A001CA19FF200224256 /* Info.plist */ = {isa = PBXFileReference; lastKnownFileType = text.plist.xml; path = Info.plist; sourceTree = "<group>"; };
/* End PBXFileReference section */

/* Begin PBXFrameworksBuildPhase section */
		390179E61CA19FF100224256 /* Frameworks */ = {
			isa = PBXFrameworksBuildPhase;
			buildActionMask = 2147483647;
			files = (
			);
			runOnlyForDeploymentPostprocessing = 0;
		};
/* End PBXFrameworksBuildPhase section */

/* Begin PBXGroup section */
		390179E01CA19FF100224256 = {
			isa = PBXGroup;
			children = (
				390179EB1CA19FF100224256 /* everydo */,
				390179EA1CA19FF100224256 /* Products */,
			);
			sourceTree = "<group>";
		};
		390179EA1CA19FF100224256 /* Products */ = {
			isa = PBXGroup;
			children = (
				390179E91CA19FF100224256 /* everydo.app */,
			);
			name = Products;
			sourceTree = "<group>";
		};
		390179EB1CA19FF100224256 /* everydo */ = {
			isa = PBXGroup;
			children = (
				390179EF1CA19FF100224256 /* AppDelegate.h */,
				390179F01CA19FF100224256 /* AppDelegate.m */,
				390179F21CA19FF100224256 /* MasterViewController.h */,
				390179F31CA19FF100224256 /* MasterViewController.m */,
				390179F51CA19FF100224256 /* DetailViewController.h */,
				390179F61CA19FF100224256 /* DetailViewController.m */,
				390179F81CA19FF100224256 /* Main.storyboard */,
				390179FB1CA19FF200224256 /* Assets.xcassets */,
				390179FD1CA19FF200224256 /* LaunchScreen.storyboard */,
				39017A001CA19FF200224256 /* Info.plist */,
				390179EC1CA19FF100224256 /* Supporting Files */,
			);
			path = everydo;
			sourceTree = "<group>";
		};
		390179EC1CA19FF100224256 /* Supporting Files */ = {
			isa = PBXGroup;
			children = (
				390179ED1CA19FF100224256 /* main.m */,
			);
			name = "Supporting Files";
			sourceTree = "<group>";
		};
/* End PBXGroup section */

/* Begin PBXNativeTarget section */
		390179E81CA19FF100224256 /* everydo */ = {
			isa = PBXNativeTarget;
			buildConfigurationList = 39017A031CA19FF200224256 /* Build configuration list for PBXNativeTarget "everydo" */;
			buildPhases = (
				390179E51CA19FF100224256 /* Sources */,
				390179E61CA19FF100224256 /* Frameworks */,
				390179E71CA19FF100224256 /* Resources */,
			);
			buildRules = (
			);
			dependencies = (
			);
			name = everydo;
			productName = everydo;
			productReference = 390179E91CA19FF100224256 /* everydo.app */;
			productType = "com.apple.product-type.application";
		};
/* End PBXNativeTarget section */

/* Begin PBXProject section */
		390179E11CA19FF100224256 /* Project object */ = {
			isa = PBXProject;
			attributes = {
				LastUpgradeCheck = 0720;
				ORGANIZATIONNAME = "William Lam";
				TargetAttributes = {
					390179E81CA19FF100224256 = {
						CreatedOnToolsVersion = 7.2.1;
						DevelopmentTeam = 7E24WC8BA8;
					};
				};
			};
			buildConfigurationList = 390179E41CA19FF100224256 /* Build configuration list for PBXProject "everydo" */;
			compatibilityVersion = "Xcode 3.2";
			developmentRegion = English;
			hasScannedForEncodings = 0;
			knownRegions = (
				en,
				Base,
			);
			mainGroup = 390179E01CA19FF100224256;
			productRefGroup = 390179EA1CA19FF100224256 /* Products */;
			projectDirPath = "";
			projectRoot = "";
			targets = (
				390179E81CA19FF100224256 /* everydo */,
			);
		};
/* End PBXProject section */

/* Begin PBXResourcesBuildPhase section */
		390179E71CA19FF100224256 /* Resources */ = {
			isa = PBXResourcesBuildPhase;
			buildActionMask = 2147483647;
			files = (
				390179FF1CA19FF200224256 /* LaunchScreen.storyboard in Resources */,
				390179FC1CA19FF200224256 /* Assets.xcassets in Resources */,
				390179FA1CA19FF100224256 /* Main.storyboard in Resources */,
			);
			runOnlyForDeploymentPostprocessing = 0;
		};
/* End PBXResourcesBuildPhase section */

/* Begin PBXSourcesBuildPhase section */
		390179E51CA19FF100224256 /* Sources */ = {
			isa = PBXSourcesBuildPhase;
			buildActionMask = 2147483647;
			files = (
				390179F11CA19FF100224256 /* AppDelegate.m in Sources */,
				390179F41CA19FF100224256 /* MasterViewController.m in Sources */,
				390179EE1CA19FF100224256 /* main.m in Sources */,
				390179F71CA19FF100224256 /* DetailViewController.m in Sources */,
			);
			runOnlyForDeploymentPostprocessing = 0;
		};
/* End PBXSourcesBuildPhase section */

/* Begin PBXVariantGroup section */
		390179F81CA19FF100224256 /* Main.storyboard */ = {
			isa = PBXVariantGroup;
			children = (
				390179F91CA19FF100224256 /* Base */,
			);
			name = Main.storyboard;
			sourceTree = "<group>";
		};
		390179FD1CA19FF200224256 /* LaunchScreen.storyboard */ = {
			isa = PBXVariantGroup;
			children = (
				390179FE1CA19FF200224256 /* Base */,
			);
			name = LaunchScreen.storyboard;
			sourceTree = "<group>";
		};
/* End PBXVariantGroup section */

/* Begin XCBuildConfiguration section */
		39017A011CA19FF200224256 /* Debug */ = {
			isa = XCBuildConfiguration;
			buildSettings = {
				ALWAYS_SEARCH_USER_PATHS = NO;
				CLANG_CXX_LANGUAGE_STANDARD = "gnu++0x";
				CLANG_CXX_LIBRARY = "libc++";
				CLANG_ENABLE_MODULES = YES;
				CLANG_ENABLE_OBJC_ARC = YES;
				CLANG_WARN_BOOL_CONVERSION = YES;
				CLANG_WARN_CONSTANT_CONVERSION = YES;
				CLANG_WARN_DIRECT_OBJC_ISA_USAGE = YES_ERROR;
				CLANG_WARN_EMPTY_BODY = YES;
				CLANG_WARN_ENUM_CONVERSION = YES;
				CLANG_WARN_INT_CONVERSION = YES;
				CLANG_WARN_OBJC_ROOT_CLASS = YES_ERROR;
				CLANG_WARN_UNREACHABLE_CODE = YES;
				CLANG_WARN__DUPLICATE_METHOD_MATCH = YES;
				"CODE_SIGN_IDENTITY[sdk=iphoneos*]" = "iPhone Developer";
				COPY_PHASE_STRIP = NO;
				DEBUG_INFORMATION_FORMAT = dwarf;
				ENABLE_STRICT_OBJC_MSGSEND = YES;
				ENABLE_TESTABILITY = YES;
				GCC_C_LANGUAGE_STANDARD = gnu99;
				GCC_DYNAMIC_NO_PIC = NO;
				GCC_NO_COMMON_BLOCKS = YES;
				GCC_OPTIMIZATION_LEVEL = 0;
				GCC_PREPROCESSOR_DEFINITIONS = (
					"DEBUG=1",
					"$(inherited)",
				);
				GCC_WARN_64_TO_32_BIT_CONVERSION = YES;
				GCC_WARN_ABOUT_RETURN_TYPE = YES_ERROR;
				GCC_WARN_UNDECLARED_SELECTOR = YES;
				GCC_WARN_UNINITIALIZED_AUTOS = YES_AGGRESSIVE;
				GCC_WARN_UNUSED_FUNCTION = YES;
				GCC_WARN_UNUSED_VARIABLE = YES;
				IPHONEOS_DEPLOYMENT_TARGET = 9.2;
				MTL_ENABLE_DEBUG_INFO = YES;
				ONLY_ACTIVE_ARCH = YES;
				SDKROOT = iphoneos;
			};
			name = Debug;
		};
		39017A021CA19FF200224256 /* Release */ = {
			isa = XCBuildConfiguration;
			buildSettings = {
				ALWAYS_SEARCH_USER_PATHS = NO;
				CLANG_CXX_LANGUAGE_STANDARD = "gnu++0x";
				CLANG_CXX_LIBRARY = "libc++";
				CLANG_ENABLE_MODULES = YES;
				CLANG_ENABLE_OBJC_ARC = YES;
				CLANG_WARN_BOOL_CONVERSION = YES;
				CLANG_WARN_CONSTANT_CONVERSION = YES;
				CLANG_WARN_DIRECT_OBJC_ISA_USAGE = YES_ERROR;
				CLANG_WARN_EMPTY_BODY = YES;
				CLANG_WARN_ENUM_CONVERSION = YES;
				CLANG_WARN_INT_CONVERSION = YES;
				CLANG_WARN_OBJC_ROOT_CLASS = YES_ERROR;
				CLANG_WARN_UNREACHABLE_CODE = YES;
				CLANG_WARN__DUPLICATE_METHOD_MATCH = YES;
				"CODE_SIGN_IDENTITY[sdk=iphoneos*]" = "iPhone Developer";
				COPY_PHASE_STRIP = NO;
				DEBUG_INFORMATION_FORMAT = "dwarf-with-dsym";
				ENABLE_NS_ASSERTIONS = NO;
				ENABLE_STRICT_OBJC_MSGSEND = YES;
				GCC_C_LANGUAGE_STANDARD = gnu99;
				GCC_NO_COMMON_BLOCKS = YES;
				GCC_WARN_64_TO_32_BIT_CONVERSION = YES;
				GCC_WARN_ABOUT_RETURN_TYPE = YES_ERROR;
				GCC_WARN_UNDECLARED_SELECTOR = YES;
				GCC_WARN_UNINITIALIZED_AUTOS = YES_AGGRESSIVE;
				GCC_WARN_UNUSED_FUNCTION = YES;
				GCC_WARN_UNUSED_VARIABLE = YES;
				IPHONEOS_DEPLOYMENT_TARGET = 9.2;
				MTL_ENABLE_DEBUG_INFO = NO;
				SDKROOT = iphoneos;
				VALIDATE_PRODUCT = YES;
			};
			name = Release;
		};
		39017A041CA19FF200224256 /* Debug */ = {
			isa = XCBuildConfiguration;
			buildSettings = {
				ASSETCATALOG_COMPILER_APPICON_NAME = AppIcon;
				INFOPLIST_FILE = everydo/Info.plist;
				LD_RUNPATH_SEARCH_PATHS = "$(inherited) @executable_path/Frameworks";
				PRODUCT_BUNDLE_IDENTIFIER = willlam.everydo;
				PRODUCT_NAME = "$(TARGET_NAME)";
			};
			name = Debug;
		};
		39017A051CA19FF200224256 /* Release */ = {
			isa = XCBuildConfiguration;
			buildSettings = {
				ASSETCATALOG_COMPILER_APPICON_NAME = AppIcon;
				INFOPLIST_FILE = everydo/Info.plist;
				LD_RUNPATH_SEARCH_PATHS = "$(inherited) @executable_path/Frameworks";
				PRODUCT_BUNDLE_IDENTIFIER = willlam.everydo;
				PRODUCT_NAME = "$(TARGET_NAME)";
			};
			name = Release;
		};
/* End XCBuildConfiguration section */

/* Begin XCConfigurationList section */
		390179E41CA19FF100224256 /* Build configuration list for PBXProject "everydo" */ = {
			isa = XCConfigurationList;
			buildConfigurations = (
				39017A011CA19FF200224256 /* Debug */,
				39017A021CA19FF200224256 /* Release */,
			);
			defaultConfigurationIsVisible = 0;
			defaultConfigurationName = Release;
		};
		39017A031CA19FF200224256 /* Build configuration list for PBXNativeTarget "everydo" */ = {
			isa = XCConfigurationList;
			buildConfigurations = (
				39017A041CA19FF200224256 /* Debug */,
				39017A051CA19FF200224256 /* Release */,
			);
			defaultConfigurationIsVisible = 0;
		};
/* End XCConfigurationList section */
	};
	rootObject = 390179E11CA19FF100224256 /* Project object */;
}
